
Microsoft Visual Studio Solution File, Format Version 12.00
# Visual Studio Version 17
VisualStudioVersion = 17.5.33502.453
MinimumVisualStudioVersion = 10.0.40219.1
Project("{FAE04EC0-301F-11D3-BF4B-00C04F79EFBC}") = "HTTP 5101 Assignment 3", "HTTP 5101 Assignment 3\HTTP 5101 Assignment 3.csproj", "{4EF62185-02FE-4AD3-A1F1-AB3193BFEAE3}"
EndProject
Global
	GlobalSection(SolutionConfigurationPlatforms) = preSolution
		Debug|Any CPU = Debug|Any CPU
		Release|Any CPU = Release|Any CPU
	EndGlobalSection
	GlobalSection(ProjectConfigurationPlatforms) = postSolution
		{4EF62185-02FE-4AD3-A1F1-AB3193BFEAE3}.Debug|Any CPU.ActiveCfg = Debug|Any CPU
		{4EF62185-02FE-4AD3-A1F1-AB3193BFEAE3}.Debug|Any CPU.Build.0 = Debug|Any CPU
		{4EF62185-02FE-4AD3-A1F1-AB3193BFEAE3}.Release|Any CPU.ActiveCfg = Release|Any CPU
		{4EF62185-02FE-4AD3-A1F1-AB3193BFEAE3}.Release|Any CPU.Build.0 = Release|Any CPU
	EndGlobalSection
	GlobalSection(SolutionProperties) = preSolution
		HideSolutionNode = FALSE
	EndGlobalSection
	GlobalSection(ExtensibilityGlobals) = postSolution
		SolutionGuid = {629536EB-09C4-4E35-9791-A50523D3EDA3}
	EndGlobalSection
EndGlobal
